// !$*UTF8*$!
{
	archiveVersion = 1;
	classes = {
	};
	objectVersion = 46;
	objects = {

/* Begin PBXBuildFile section */
		30974F911B7D82F1005A05BB /* main.m in Sources */ = {isa = PBXBuildFile; fileRef = 30974F901B7D82F1005A05BB /* main.m */; };
		30974F941B7D82F1005A05BB /* AppDelegate.m in Sources */ = {isa = PBXBuildFile; fileRef = 30974F931B7D82F1005A05BB /* AppDelegate.m */; };
		30974F961B7D82F1005A05BB /* Images.xcassets in Resources */ = {isa = PBXBuildFile; fileRef = 30974F951B7D82F1005A05BB /* Images.xcassets */; };
		30974F991B7D82F1005A05BB /* LaunchScreen.xib in Resources */ = {isa = PBXBuildFile; fileRef = 30974F971B7D82F1005A05BB /* LaunchScreen.xib */; };
		30974FA51B7D82F1005A05BB /* SHELLLTests.m in Sources */ = {isa = PBXBuildFile; fileRef = 30974FA41B7D82F1005A05BB /* SHELLLTests.m */; };
/* End PBXBuildFile section */

/* Begin PBXContainerItemProxy section */
		30974F9F1B7D82F1005A05BB /* PBXContainerItemProxy */ = {
			isa = PBXContainerItemProxy;
			containerPortal = 30974F831B7D82F1005A05BB /* Project object */;
			proxyType = 1;
			remoteGlobalIDString = 30974F8A1B7D82F1005A05BB;
			remoteInfo = SHELLL;
		};
/* End PBXContainerItemProxy section */

/* Begin PBXFileReference section */
		30974F8B1B7D82F1005A05BB /* SHELLL.app */ = {isa = PBXFileReference; explicitFileType = wrapper.application; includeInIndex = 0; path = SHELLL.app; sourceTree = BUILT_PRODUCTS_DIR; };
		30974F8F1B7D82F1005A05BB /* Info.plist */ = {isa = PBXFileReference; lastKnownFileType = text.plist.xml; path = Info.plist; sourceTree = "<group>"; };
		30974F901B7D82F1005A05BB /* main.m */ = {isa = PBXFileReference; lastKnownFileType = sourcecode.c.objc; path = main.m; sourceTree = "<group>"; };
		30974F921B7D82F1005A05BB /* AppDelegate.h */ = {isa = PBXFileReference; lastKnownFileType = sourcecode.c.h; path = AppDelegate.h; sourceTree = "<group>"; };
		30974F931B7D82F1005A05BB /* AppDelegate.m */ = {isa = PBXFileReference; lastKnownFileType = sourcecode.c.objc; path = AppDelegate.m; sourceTree = "<group>"; };
		30974F951B7D82F1005A05BB /* Images.xcassets */ = {isa = PBXFileReference; lastKnownFileType = folder.assetcatalog; path = Images.xcassets; sourceTree = "<group>"; };
		30974F981B7D82F1005A05BB /* Base */ = {isa = PBXFileReference; lastKnownFileType = file.xib; name = Base; path = Base.lproj/LaunchScreen.xib; sourceTree = "<group>"; };
		30974F9E1B7D82F1005A05BB /* SHELLLTests.xctest */ = {isa = PBXFileReference; explicitFileType = wrapper.cfbundle; includeInIndex = 0; path = SHELLLTests.xctest; sourceTree = BUILT_PRODUCTS_DIR; };
		30974FA31B7D82F1005A05BB /* Info.plist */ = {isa = PBXFileReference; lastKnownFileType = text.plist.xml; path = Info.plist; sourceTree = "<group>"; };
		30974FA41B7D82F1005A05BB /* SHELLLTests.m */ = {isa = PBXFileReference; lastKnownFileType = sourcecode.c.objc; path = SHELLLTests.m; sourceTree = "<group>"; };
/* End PBXFileReference section */

/* Begin PBXFrameworksBuildPhase section */
		30974F881B7D82F1005A05BB /* Frameworks */ = {
			isa = PBXFrameworksBuildPhase;
			buildActionMask = 2147483647;
			files = (
			);
			runOnlyForDeploymentPostprocessing = 0;
		};
		30974F9B1B7D82F1005A05BB /* Frameworks */ = {
			isa = PBXFrameworksBuildPhase;
			buildActionMask = 2147483647;
			files = (
			);
			runOnlyForDeploymentPostprocessing = 0;
		};
/* End PBXFrameworksBuildPhase section */

/* Begin PBXGroup section */
		30974F821B7D82F1005A05BB = {
			isa = PBXGroup;
			children = (
				30974F8D1B7D82F1005A05BB /* SHELLL */,
				30974FA11B7D82F1005A05BB /* SHELLLTests */,
				30974F8C1B7D82F1005A05BB /* Products */,
			);
			sourceTree = "<group>";
		};
		30974F8C1B7D82F1005A05BB /* Products */ = {
			isa = PBXGroup;
			children = (
				30974F8B1B7D82F1005A05BB /* SHELLL.app */,
				30974F9E1B7D82F1005A05BB /* SHELLLTests.xctest */,
			);
			name = Products;
			sourceTree = "<group>";
		};
		30974F8D1B7D82F1005A05BB /* SHELLL */ = {
			isa = PBXGroup;
			children = (
				30974F921B7D82F1005A05BB /* AppDelegate.h */,
				30974F931B7D82F1005A05BB /* AppDelegate.m */,
				30974F951B7D82F1005A05BB /* Images.xcassets */,
				30974F971B7D82F1005A05BB /* LaunchScreen.xib */,
				30974F8E1B7D82F1005A05BB /* Supporting Files */,
			);
			path = SHELLL;
			sourceTree = "<group>";
		};
		30974F8E1B7D82F1005A05BB /* Supporting Files */ = {
			isa = PBXGroup;
			children = (
				30974F8F1B7D82F1005A05BB /* Info.plist */,
				30974F901B7D82F1005A05BB /* main.m */,
			);
			name = "Supporting Files";
			sourceTree = "<group>";
		};
		30974FA11B7D82F1005A05BB /* SHELLLTests */ = {
			isa = PBXGroup;
			children = (
				30974FA41B7D82F1005A05BB /* SHELLLTests.m */,
				30974FA21B7D82F1005A05BB /* Supporting Files */,
			);
			path = SHELLLTests;
			sourceTree = "<group>";
		};
		30974FA21B7D82F1005A05BB /* Supporting Files */ = {
			isa = PBXGroup;
			children = (
				30974FA31B7D82F1005A05BB /* Info.plist */,
			);
			name = "Supporting Files";
			sourceTree = "<group>";
		};
/* End PBXGroup section */

/* Begin PBXNativeTarget section */
		30974F8A1B7D82F1005A05BB /* SHELLL */ = {
			isa = PBXNativeTarget;
			buildConfigurationList = 30974FA81B7D82F1005A05BB /* Build configuration list for PBXNativeTarget "SHELLL" */;
			buildPhases = (
				30974F871B7D82F1005A05BB /* Sources */,
				30974F881B7D82F1005A05BB /* Frameworks */,
				30974F891B7D82F1005A05BB /* Resources */,
			);
			buildRules = (
			);
			dependencies = (
			);
			name = SHELLL;
			productName = SHELLL;
			productReference = 30974F8B1B7D82F1005A05BB /* SHELLL.app */;
			productType = "com.apple.product-type.application";
		};
		30974F9D1B7D82F1005A05BB /* SHELLLTests */ = {
			isa = PBXNativeTarget;
			buildConfigurationList = 30974FAB1B7D82F1005A05BB /* Build configuration list for PBXNativeTarget "SHELLLTests" */;
			buildPhases = (
				30974F9A1B7D82F1005A05BB /* Sources */,
				30974F9B1B7D82F1005A05BB /* Frameworks */,
				30974F9C1B7D82F1005A05BB /* Resources */,
			);
			buildRules = (
			);
			dependencies = (
				30974FA01B7D82F1005A05BB /* PBXTargetDependency */,
			);
			name = SHELLLTests;
			productName = SHELLLTests;
			productReference = 30974F9E1B7D82F1005A05BB /* SHELLLTests.xctest */;
			productType = "com.apple.product-type.bundle.unit-test";
		};
/* End PBXNativeTarget section */

/* Begin PBXProject section */
		30974F831B7D82F1005A05BB /* Project object */ = {
			isa = PBXProject;
			attributes = {
				LastUpgradeCheck = 0640;
				ORGANIZATIONNAME = "徐伟俊";
				TargetAttributes = {
					30974F8A1B7D82F1005A05BB = {
						CreatedOnToolsVersion = 6.4;
					};
					30974F9D1B7D82F1005A05BB = {
						CreatedOnToolsVersion = 6.4;
						TestTargetID = 30974F8A1B7D82F1005A05BB;
					};
				};
			};
			buildConfigurationList = 30974F861B7D82F1005A05BB /* Build configuration list for PBXProject "SHELLL" */;
			compatibilityVersion = "Xcode 3.2";
			developmentRegion = English;
			hasScannedForEncodings = 0;
			knownRegions = (
				en,
				Base,
			);
			mainGroup = 30974F821B7D82F1005A05BB;
			productRefGroup = 30974F8C1B7D82F1005A05BB /* Products */;
			projectDirPath = "";
			projectRoot = "";
			targets = (
				30974F8A1B7D82F1005A05BB /* SHELLL */,
				30974F9D1B7D82F1005A05BB /* SHELLLTests */,
			);
		};
/* End PBXProject section */

/* Begin PBXResourcesBuildPhase section */
		30974F891B7D82F1005A05BB /* Resources */ = {
			isa = PBXResourcesBuildPhase;
			buildActionMask = 2147483647;
			files = (
				30974F991B7D82F1005A05BB /* LaunchScreen.xib in Resources */,
				30974F961B7D82F1005A05BB /* Images.xcassets in Resources */,
			);
			runOnlyForDeploymentPostprocessing = 0;
		};
		30974F9C1B7D82F1005A05BB /* Resources */ = {
			isa = PBXResourcesBuildPhase;
			buildActionMask = 2147483647;
			files = (
			);
			runOnlyForDeploymentPostprocessing = 0;
		};
/* End PBXResourcesBuildPhase section */

/* Begin PBXSourcesBuildPhase section */
		30974F871B7D82F1005A05BB /* Sources */ = {
			isa = PBXSourcesBuildPhase;
			buildActionMask = 2147483647;
			files = (
				30974F941B7D82F1005A05BB /* AppDelegate.m in Sources */,
				30974F911B7D82F1005A05BB /* main.m in Sources */,
			);
			runOnlyForDeploymentPostprocessing = 0;
		};
		30974F9A1B7D82F1005A05BB /* Sources */ = {
			isa = PBXSourcesBuildPhase;
			buildActionMask = 2147483647;
			files = (
				30974FA51B7D82F1005A05BB /* SHELLLTests.m in Sources */,
			);
			runOnlyForDeploymentPostprocessing = 0;
		};
/* End PBXSourcesBuildPhase section */

/* Begin PBXTargetDependency section */
		30974FA01B7D82F1005A05BB /* PBXTargetDependency */ = {
			isa = PBXTargetDependency;
			target = 30974F8A1B7D82F1005A05BB /* SHELLL */;
			targetProxy = 30974F9F1B7D82F1005A05BB /* PBXContainerItemProxy */;
		};
/* End PBXTargetDependency section */

/* Begin PBXVariantGroup section */
		30974F971B7D82F1005A05BB /* LaunchScreen.xib */ = {
			isa = PBXVariantGroup;
			children = (
				30974F981B7D82F1005A05BB /* Base */,
			);
			name = LaunchScreen.xib;
			sourceTree = "<group>";
		};
/* End PBXVariantGroup section */

/* Begin XCBuildConfiguration section */
		30974FA61B7D82F1005A05BB /* Debug */ = {
			isa = XCBuildConfiguration;
			buildSettings = {
				ALWAYS_SEARCH_USER_PATHS = NO;
				CLANG_CXX_LANGUAGE_STANDARD = "gnu++0x";
				CLANG_CXX_LIBRARY = "libc++";
				CLANG_ENABLE_MODULES = YES;
				CLANG_ENABLE_OBJC_ARC = YES;
				CLANG_WARN_BOOL_CONVERSION = YES;
				CLANG_WARN_CONSTANT_CONVERSION = YES;
				CLANG_WARN_DIRECT_OBJC_ISA_USAGE = YES_ERROR;
				CLANG_WARN_EMPTY_BODY = YES;
				CLANG_WARN_ENUM_CONVERSION = YES;
				CLANG_WARN_INT_CONVERSION = YES;
				CLANG_WARN_OBJC_ROOT_CLASS = YES_ERROR;
				CLANG_WARN_UNREACHABLE_CODE = YES;
				CLANG_WARN__DUPLICATE_METHOD_MATCH = YES;
				"CODE_SIGN_IDENTITY[sdk=iphoneos*]" = "iPhone Developer";
				COPY_PHASE_STRIP = NO;
				DEBUG_INFORMATION_FORMAT = "dwarf-with-dsym";
				ENABLE_STRICT_OBJC_MSGSEND = YES;
				GCC_C_LANGUAGE_STANDARD = gnu99;
				GCC_DYNAMIC_NO_PIC = NO;
				GCC_NO_COMMON_BLOCKS = YES;
				GCC_OPTIMIZATION_LEVEL = 0;
				GCC_PREPROCESSOR_DEFINITIONS = (
					"DEBUG=1",
					"$(inherited)",
				);
				GCC_SYMBOLS_PRIVATE_EXTERN = NO;
				GCC_WARN_64_TO_32_BIT_CONVERSION = YES;
				GCC_WARN_ABOUT_RETURN_TYPE = YES_ERROR;
				GCC_WARN_UNDECLARED_SELECTOR = YES;
				GCC_WARN_UNINITIALIZED_AUTOS = YES_AGGRESSIVE;
				GCC_WARN_UNUSED_FUNCTION = YES;
				GCC_WARN_UNUSED_VARIABLE = YES;
				IPHONEOS_DEPLOYMENT_TARGET = 8.4;
				MTL_ENABLE_DEBUG_INFO = YES;
				ONLY_ACTIVE_ARCH = YES;
				SDKROOT = iphoneos;
			};
			name = Debug;
		};
		30974FA71B7D82F1005A05BB /* Release */ = {
			isa = XCBuildConfiguration;
			buildSettings = {
				ALWAYS_SEARCH_USER_PATHS = NO;
				CLANG_CXX_LANGUAGE_STANDARD = "gnu++0x";
				CLANG_CXX_LIBRARY = "libc++";
				CLANG_ENABLE_MODULES = YES;
				CLANG_ENABLE_OBJC_ARC = YES;
				CLANG_WARN_BOOL_CONVERSION = YES;
				CLANG_WARN_CONSTANT_CONVERSION = YES;
				CLANG_WARN_DIRECT_OBJC_ISA_USAGE = YES_ERROR;
				CLANG_WARN_EMPTY_BODY = YES;
				CLANG_WARN_ENUM_CONVERSION = YES;
				CLANG_WARN_INT_CONVERSION = YES;
				CLANG_WARN_OBJC_ROOT_CLASS = YES_ERROR;
				CLANG_WARN_UNREACHABLE_CODE = YES;
				CLANG_WARN__DUPLICATE_METHOD_MATCH = YES;
				"CODE_SIGN_IDENTITY[sdk=iphoneos*]" = "iPhone Developer";
				COPY_PHASE_STRIP = NO;
				DEBUG_INFORMATION_FORMAT = "dwarf-with-dsym";
				ENABLE_NS_ASSERTIONS = NO;
				ENABLE_STRICT_OBJC_MSGSEND = YES;
				GCC_C_LANGUAGE_STANDARD = gnu99;
				GCC_NO_COMMON_BLOCKS = YES;
				GCC_WARN_64_TO_32_BIT_CONVERSION = YES;
				GCC_WARN_ABOUT_RETURN_TYPE = YES_ERROR;
				GCC_WARN_UNDECLARED_SELECTOR = YES;
				GCC_WARN_UNINITIALIZED_AUTOS = YES_AGGRESSIVE;
				GCC_WARN_UNUSED_FUNCTION = YES;
				GCC_WARN_UNUSED_VARIABLE = YES;
				IPHONEOS_DEPLOYMENT_TARGET = 8.4;
				MTL_ENABLE_DEBUG_INFO = NO;
				SDKROOT = iphoneos;
				VALIDATE_PRODUCT = YES;
			};
			name = Release;
		};
		30974FA91B7D82F1005A05BB /* Debug */ = {
			isa = XCBuildConfiguration;
			buildSettings = {
				ASSETCATALOG_COMPILER_APPICON_NAME = AppIcon;
				INFOPLIST_FILE = SHELLL/Info.plist;
				LD_RUNPATH_SEARCH_PATHS = "$(inherited) @executable_path/Frameworks";
				PRODUCT_NAME = "$(TARGET_NAME)";
			};
			name = Debug;
		};
		30974FAA1B7D82F1005A05BB /* Release */ = {
			isa = XCBuildConfiguration;
			buildSettings = {
				ASSETCATALOG_COMPILER_APPICON_NAME = AppIcon;
				INFOPLIST_FILE = SHELLL/Info.plist;
				LD_RUNPATH_SEARCH_PATHS = "$(inherited) @executable_path/Frameworks";
				PRODUCT_NAME = "$(TARGET_NAME)";
			};
			name = Release;
		};
		30974FAC1B7D82F1005A05BB /* Debug */ = {
			isa = XCBuildConfiguration;
			buildSettings = {
				BUNDLE_LOADER = "$(TEST_HOST)";
				FRAMEWORK_SEARCH_PATHS = (
					"$(SDKROOT)/Developer/Library/Frameworks",
					"$(inherited)",
				);
				GCC_PREPROCESSOR_DEFINITIONS = (
					"DEBUG=1",
					"$(inherited)",
				);
				INFOPLIST_FILE = SHELLLTests/Info.plist;
				LD_RUNPATH_SEARCH_PATHS = "$(inherited) @executable_path/Frameworks @loader_path/Frameworks";
				PRODUCT_NAME = "$(TARGET_NAME)";
				TEST_HOST = "$(BUILT_PRODUCTS_DIR)/SHELLL.app/SHELLL";
			};
			name = Debug;
		};
		30974FAD1B7D82F1005A05BB /* Release */ = {
			isa = XCBuildConfiguration;
			buildSettings = {
				BUNDLE_LOADER = "$(TEST_HOST)";
				FRAMEWORK_SEARCH_PATHS = (
					"$(SDKROOT)/Developer/Library/Frameworks",
					"$(inherited)",
				);
				INFOPLIST_FILE = SHELLLTests/Info.plist;
				LD_RUNPATH_SEARCH_PATHS = "$(inherited) @executable_path/Frameworks @loader_path/Frameworks";
				PRODUCT_NAME = "$(TARGET_NAME)";
				TEST_HOST = "$(BUILT_PRODUCTS_DIR)/SHELLL.app/SHELLL";
			};
			name = Release;
		};
/* End XCBuildConfiguration section */

/* Begin XCConfigurationList section */
		30974F861B7D82F1005A05BB /* Build configuration list for PBXProject "SHELLL" */ = {
			isa = XCConfigurationList;
			buildConfigurations = (
				30974FA61B7D82F1005A05BB /* Debug */,
				30974FA71B7D82F1005A05BB /* Release */,
			);
			defaultConfigurationIsVisible = 0;
			defaultConfigurationName = Release;
		};
		30974FA81B7D82F1005A05BB /* Build configuration list for PBXNativeTarget "SHELLL" */ = {
			isa = XCConfigurationList;
			buildConfigurations = (
				30974FA91B7D82F1005A05BB /* Debug */,
				30974FAA1B7D82F1005A05BB /* Release */,
			);
			defaultConfigurationIsVisible = 0;
		};
		30974FAB1B7D82F1005A05BB /* Build configuration list for PBXNativeTarget "SHELLLTests" */ = {
			isa = XCConfigurationList;
			buildConfigurations = (
				30974FAC1B7D82F1005A05BB /* Debug */,
				30974FAD1B7D82F1005A05BB /* Release */,
			);
			defaultConfigurationIsVisible = 0;
		};
/* End XCConfigurationList section */
	};
	rootObject = 30974F831B7D82F1005A05BB /* Project object */;
}
